// !$*UTF8*$!
{
	archiveVersion = 1;
	classes = {
	};
	objectVersion = 56;
	objects = {

/* Begin PBXBuildFile section */
		CA5333562AE1BCFD0002ADE1 /* ImageCache.swift in Sources */ = {isa = PBXBuildFile; fileRef = CA5333552AE1BCFD0002ADE1 /* ImageCache.swift */; };
		CA5333572AE1BCFD0002ADE1 /* ImageCache.swift in Sources */ = {isa = PBXBuildFile; fileRef = CA5333552AE1BCFD0002ADE1 /* ImageCache.swift */; };
		CA5333582AE1BCFD0002ADE1 /* ImageCache.swift in Sources */ = {isa = PBXBuildFile; fileRef = CA5333552AE1BCFD0002ADE1 /* ImageCache.swift */; };
		CA53335B2AE1BD150002ADE1 /* ImageLoaderView.swift in Sources */ = {isa = PBXBuildFile; fileRef = CA53335A2AE1BD150002ADE1 /* ImageLoaderView.swift */; };
		CA53335C2AE1BD150002ADE1 /* ImageLoaderView.swift in Sources */ = {isa = PBXBuildFile; fileRef = CA53335A2AE1BD150002ADE1 /* ImageLoaderView.swift */; };
		CA53335D2AE1BD150002ADE1 /* ImageLoaderView.swift in Sources */ = {isa = PBXBuildFile; fileRef = CA53335A2AE1BD150002ADE1 /* ImageLoaderView.swift */; };
		CA53335F2AE1BD1A0002ADE1 /* ImageLoaderViewModel.swift in Sources */ = {isa = PBXBuildFile; fileRef = CA53335E2AE1BD1A0002ADE1 /* ImageLoaderViewModel.swift */; };
		CA5333602AE1BD1A0002ADE1 /* ImageLoaderViewModel.swift in Sources */ = {isa = PBXBuildFile; fileRef = CA53335E2AE1BD1A0002ADE1 /* ImageLoaderViewModel.swift */; };
		CA5333612AE1BD1A0002ADE1 /* ImageLoaderViewModel.swift in Sources */ = {isa = PBXBuildFile; fileRef = CA53335E2AE1BD1A0002ADE1 /* ImageLoaderViewModel.swift */; };
		CA829EA62AE42948000FA03A /* MainState.swift in Sources */ = {isa = PBXBuildFile; fileRef = CA829EA52AE42948000FA03A /* MainState.swift */; };
		CA829EA82AE42A36000FA03A /* MovieModel.swift in Sources */ = {isa = PBXBuildFile; fileRef = CA829EA72AE42A36000FA03A /* MovieModel.swift */; };
		CA829EAC2AE42B29000FA03A /* MovieRepository.swift in Sources */ = {isa = PBXBuildFile; fileRef = CA829EAB2AE42B29000FA03A /* MovieRepository.swift */; };
		CA829EAE2AE4426E000FA03A /* PreviousView.swift in Sources */ = {isa = PBXBuildFile; fileRef = CA829EAD2AE4426E000FA03A /* PreviousView.swift */; };
		CAEDC6562ACD7D6600CC7554 /* ToWatchMovieApp.swift in Sources */ = {isa = PBXBuildFile; fileRef = CAEDC6552ACD7D6600CC7554 /* ToWatchMovieApp.swift */; };
		CAEDC6582ACD7D6600CC7554 /* MainView.swift in Sources */ = {isa = PBXBuildFile; fileRef = CAEDC6572ACD7D6600CC7554 /* MainView.swift */; };
		CAEDC65E2ACD7D6700CC7554 /* Preview Assets.xcassets in Resources */ = {isa = PBXBuildFile; fileRef = CAEDC65D2ACD7D6700CC7554 /* Preview Assets.xcassets */; };
		CAEDC6682ACD7D6700CC7554 /* ToWatchMovieTests.swift in Sources */ = {isa = PBXBuildFile; fileRef = CAEDC6672ACD7D6700CC7554 /* ToWatchMovieTests.swift */; };
		CAEDC6722ACD7D6800CC7554 /* ToWatchMovieUITests.swift in Sources */ = {isa = PBXBuildFile; fileRef = CAEDC6712ACD7D6800CC7554 /* ToWatchMovieUITests.swift */; };
		CAEDC6742ACD7D6800CC7554 /* ToWatchMovieUITestsLaunchTests.swift in Sources */ = {isa = PBXBuildFile; fileRef = CAEDC6732ACD7D6800CC7554 /* ToWatchMovieUITestsLaunchTests.swift */; };
		CAEDC6822ACDD11300CC7554 /* Kingfisher in Frameworks */ = {isa = PBXBuildFile; productRef = CAEDC6812ACDD11300CC7554 /* Kingfisher */; };
		CAEDC6882ACDD47300CC7554 /* Model.swift in Sources */ = {isa = PBXBuildFile; fileRef = CAEDC6872ACDD47300CC7554 /* Model.swift */; };
		CAEDC6892ACDD47300CC7554 /* Model.swift in Sources */ = {isa = PBXBuildFile; fileRef = CAEDC6872ACDD47300CC7554 /* Model.swift */; };
		CAEDC68A2ACDD47300CC7554 /* Model.swift in Sources */ = {isa = PBXBuildFile; fileRef = CAEDC6872ACDD47300CC7554 /* Model.swift */; };
		CAEDC68C2ACEAAB200CC7554 /* EndPoint.swift in Sources */ = {isa = PBXBuildFile; fileRef = CAEDC68B2ACEAAB200CC7554 /* EndPoint.swift */; };
		CAEDC68D2ACEAAB200CC7554 /* EndPoint.swift in Sources */ = {isa = PBXBuildFile; fileRef = CAEDC68B2ACEAAB200CC7554 /* EndPoint.swift */; };
		CAEDC68E2ACEAAB200CC7554 /* EndPoint.swift in Sources */ = {isa = PBXBuildFile; fileRef = CAEDC68B2ACEAAB200CC7554 /* EndPoint.swift */; };
		CAEDC6902AD0024400CC7554 /* NetworkService.swift in Sources */ = {isa = PBXBuildFile; fileRef = CAEDC68F2AD0024400CC7554 /* NetworkService.swift */; };
		CAEDC6912AD0024400CC7554 /* NetworkService.swift in Sources */ = {isa = PBXBuildFile; fileRef = CAEDC68F2AD0024400CC7554 /* NetworkService.swift */; };
		CAEDC6922AD0024400CC7554 /* NetworkService.swift in Sources */ = {isa = PBXBuildFile; fileRef = CAEDC68F2AD0024400CC7554 /* NetworkService.swift */; };
		CAEDC6942AD00FA300CC7554 /* MainViewModel.swift in Sources */ = {isa = PBXBuildFile; fileRef = CAEDC6932AD00FA300CC7554 /* MainViewModel.swift */; };
		CAEDC6952AD00FA300CC7554 /* MainViewModel.swift in Sources */ = {isa = PBXBuildFile; fileRef = CAEDC6932AD00FA300CC7554 /* MainViewModel.swift */; };
		CAEDC6962AD00FA300CC7554 /* MainViewModel.swift in Sources */ = {isa = PBXBuildFile; fileRef = CAEDC6932AD00FA300CC7554 /* MainViewModel.swift */; };
/* End PBXBuildFile section */

/* Begin PBXContainerItemProxy section */
		CAEDC6642ACD7D6700CC7554 /* PBXContainerItemProxy */ = {
			isa = PBXContainerItemProxy;
			containerPortal = CAEDC64A2ACD7D6600CC7554 /* Project object */;
			proxyType = 1;
			remoteGlobalIDString = CAEDC6512ACD7D6600CC7554;
			remoteInfo = ToWatchMovie;
		};
		CAEDC66E2ACD7D6800CC7554 /* PBXContainerItemProxy */ = {
			isa = PBXContainerItemProxy;
			containerPortal = CAEDC64A2ACD7D6600CC7554 /* Project object */;
			proxyType = 1;
			remoteGlobalIDString = CAEDC6512ACD7D6600CC7554;
			remoteInfo = ToWatchMovie;
		};
/* End PBXContainerItemProxy section */

/* Begin PBXFileReference section */
		CA5333552AE1BCFD0002ADE1 /* ImageCache.swift */ = {isa = PBXFileReference; fileEncoding = 4; lastKnownFileType = sourcecode.swift; name = ImageCache.swift; path = "../../../../Downloads/Telegram Desktop/ImageLoader/ImageCache.swift"; sourceTree = "<group>"; };
		CA5333592AE1BD0F0002ADE1 /* ImageCache.swift */ = {isa = PBXFileReference; lastKnownFileType = sourcecode.swift; path = ImageCache.swift; sourceTree = "<group>"; };
		CA53335A2AE1BD150002ADE1 /* ImageLoaderView.swift */ = {isa = PBXFileReference; fileEncoding = 4; lastKnownFileType = sourcecode.swift; name = ImageLoaderView.swift; path = "../../../../../Downloads/Telegram Desktop/ImageLoader/ImageLoaderView.swift"; sourceTree = "<group>"; };
		CA53335E2AE1BD1A0002ADE1 /* ImageLoaderViewModel.swift */ = {isa = PBXFileReference; fileEncoding = 4; lastKnownFileType = sourcecode.swift; name = ImageLoaderViewModel.swift; path = "../../../../../Downloads/Telegram Desktop/ImageLoader/ImageLoaderViewModel.swift"; sourceTree = "<group>"; };
		CA829EA52AE42948000FA03A /* MainState.swift */ = {isa = PBXFileReference; lastKnownFileType = sourcecode.swift; path = MainState.swift; sourceTree = "<group>"; };
		CA829EA72AE42A36000FA03A /* MovieModel.swift */ = {isa = PBXFileReference; lastKnownFileType = sourcecode.swift; path = MovieModel.swift; sourceTree = "<group>"; };
		CA829EAB2AE42B29000FA03A /* MovieRepository.swift */ = {isa = PBXFileReference; lastKnownFileType = sourcecode.swift; path = MovieRepository.swift; sourceTree = "<group>"; };
		CA829EAD2AE4426E000FA03A /* PreviousView.swift */ = {isa = PBXFileReference; lastKnownFileType = sourcecode.swift; path = PreviousView.swift; sourceTree = "<group>"; };
		CAEDC6522ACD7D6600CC7554 /* ToWatchMovie.app */ = {isa = PBXFileReference; explicitFileType = wrapper.application; includeInIndex = 0; path = ToWatchMovie.app; sourceTree = BUILT_PRODUCTS_DIR; };
		CAEDC6552ACD7D6600CC7554 /* ToWatchMovieApp.swift */ = {isa = PBXFileReference; lastKnownFileType = sourcecode.swift; path = ToWatchMovieApp.swift; sourceTree = "<group>"; };
		CAEDC6572ACD7D6600CC7554 /* MainView.swift */ = {isa = PBXFileReference; lastKnownFileType = sourcecode.swift; path = MainView.swift; sourceTree = "<group>"; };
		CAEDC65B2ACD7D6700CC7554 /* ToWatchMovie.entitlements */ = {isa = PBXFileReference; lastKnownFileType = text.plist.entitlements; path = ToWatchMovie.entitlements; sourceTree = "<group>"; };
		CAEDC65D2ACD7D6700CC7554 /* Preview Assets.xcassets */ = {isa = PBXFileReference; lastKnownFileType = folder.assetcatalog; path = "Preview Assets.xcassets"; sourceTree = "<group>"; };
		CAEDC6632ACD7D6700CC7554 /* ToWatchMovieTests.xctest */ = {isa = PBXFileReference; explicitFileType = wrapper.cfbundle; includeInIndex = 0; path = ToWatchMovieTests.xctest; sourceTree = BUILT_PRODUCTS_DIR; };
		CAEDC6672ACD7D6700CC7554 /* ToWatchMovieTests.swift */ = {isa = PBXFileReference; lastKnownFileType = sourcecode.swift; path = ToWatchMovieTests.swift; sourceTree = "<group>"; };
		CAEDC66D2ACD7D6800CC7554 /* ToWatchMovieUITests.xctest */ = {isa = PBXFileReference; explicitFileType = wrapper.cfbundle; includeInIndex = 0; path = ToWatchMovieUITests.xctest; sourceTree = BUILT_PRODUCTS_DIR; };
		CAEDC6712ACD7D6800CC7554 /* ToWatchMovieUITests.swift */ = {isa = PBXFileReference; lastKnownFileType = sourcecode.swift; path = ToWatchMovieUITests.swift; sourceTree = "<group>"; };
		CAEDC6732ACD7D6800CC7554 /* ToWatchMovieUITestsLaunchTests.swift */ = {isa = PBXFileReference; lastKnownFileType = sourcecode.swift; path = ToWatchMovieUITestsLaunchTests.swift; sourceTree = "<group>"; };
		CAEDC6872ACDD47300CC7554 /* Model.swift */ = {isa = PBXFileReference; lastKnownFileType = sourcecode.swift; path = Model.swift; sourceTree = "<group>"; };
		CAEDC68B2ACEAAB200CC7554 /* EndPoint.swift */ = {isa = PBXFileReference; lastKnownFileType = sourcecode.swift; path = EndPoint.swift; sourceTree = "<group>"; };
		CAEDC68F2AD0024400CC7554 /* NetworkService.swift */ = {isa = PBXFileReference; lastKnownFileType = sourcecode.swift; path = NetworkService.swift; sourceTree = "<group>"; };
		CAEDC6932AD00FA300CC7554 /* MainViewModel.swift */ = {isa = PBXFileReference; lastKnownFileType = sourcecode.swift; path = MainViewModel.swift; sourceTree = "<group>"; };
/* End PBXFileReference section */

/* Begin PBXFrameworksBuildPhase section */
		CAEDC64F2ACD7D6600CC7554 /* Frameworks */ = {
			isa = PBXFrameworksBuildPhase;
			buildActionMask = 2147483647;
			files = (
				CAEDC6822ACDD11300CC7554 /* Kingfisher in Frameworks */,
			);
			runOnlyForDeploymentPostprocessing = 0;
		};
		CAEDC6602ACD7D6700CC7554 /* Frameworks */ = {
			isa = PBXFrameworksBuildPhase;
			buildActionMask = 2147483647;
			files = (
			);
			runOnlyForDeploymentPostprocessing = 0;
		};
		CAEDC66A2ACD7D6800CC7554 /* Frameworks */ = {
			isa = PBXFrameworksBuildPhase;
			buildActionMask = 2147483647;
			files = (
			);
			runOnlyForDeploymentPostprocessing = 0;
		};
/* End PBXFrameworksBuildPhase section */

/* Begin PBXGroup section */
		CA5333542AE1BCCB0002ADE1 /* ImageLoader */ = {
			isa = PBXGroup;
			children = (
				CA5333592AE1BD0F0002ADE1 /* ImageCache.swift */,
				CA53335A2AE1BD150002ADE1 /* ImageLoaderView.swift */,
				CA53335E2AE1BD1A0002ADE1 /* ImageLoaderViewModel.swift */,
			);
			path = ImageLoader;
			sourceTree = "<group>";
		};
		CA829E9E2AE42780000FA03A /* Network */ = {
			isa = PBXGroup;
			children = (
				CAEDC68F2AD0024400CC7554 /* NetworkService.swift */,
				CAEDC68B2ACEAAB200CC7554 /* EndPoint.swift */,
				CAEDC6872ACDD47300CC7554 /* Model.swift */,
			);
			path = Network;
			sourceTree = "<group>";
		};
		CA829EA02AE4282E000FA03A /* Presentation */ = {
			isa = PBXGroup;
			children = (
				CA829EA12AE4285E000FA03A /* Main */,
			);
			path = Presentation;
			sourceTree = "<group>";
		};
		CA829EA12AE4285E000FA03A /* Main */ = {
			isa = PBXGroup;
			children = (
				CA829EA42AE4288C000FA03A /* View */,
				CA829EA32AE4287A000FA03A /* ViewModel */,
				CA829EA22AE42871000FA03A /* Model */,
			);
			path = Main;
			sourceTree = "<group>";
		};
		CA829EA22AE42871000FA03A /* Model */ = {
			isa = PBXGroup;
			children = (
				CA829EA52AE42948000FA03A /* MainState.swift */,
				CA829EA72AE42A36000FA03A /* MovieModel.swift */,
			);
			path = Model;
			sourceTree = "<group>";
		};
		CA829EA32AE4287A000FA03A /* ViewModel */ = {
			isa = PBXGroup;
			children = (
				CAEDC6932AD00FA300CC7554 /* MainViewModel.swift */,
			);
			path = ViewModel;
			sourceTree = "<group>";
		};
		CA829EA42AE4288C000FA03A /* View */ = {
			isa = PBXGroup;
			children = (
				CAEDC6572ACD7D6600CC7554 /* MainView.swift */,
				CA829EAD2AE4426E000FA03A /* PreviousView.swift */,
			);
			path = View;
			sourceTree = "<group>";
		};
		CA829EA92AE42AF1000FA03A /* Domain */ = {
			isa = PBXGroup;
			children = (
				CA829EAA2AE42B06000FA03A /* MovieRepo */,
			);
			path = Domain;
			sourceTree = "<group>";
		};
		CA829EAA2AE42B06000FA03A /* MovieRepo */ = {
			isa = PBXGroup;
			children = (
				CA829EAB2AE42B29000FA03A /* MovieRepository.swift */,
			);
			path = MovieRepo;
			sourceTree = "<group>";
		};
		CAEDC6492ACD7D6600CC7554 = {
			isa = PBXGroup;
			children = (
				CAEDC6542ACD7D6600CC7554 /* ToWatchMovie */,
				CAEDC6662ACD7D6700CC7554 /* ToWatchMovieTests */,
				CAEDC6702ACD7D6800CC7554 /* ToWatchMovieUITests */,
				CAEDC6532ACD7D6600CC7554 /* Products */,
			);
			sourceTree = "<group>";
		};
		CAEDC6532ACD7D6600CC7554 /* Products */ = {
			isa = PBXGroup;
			children = (
				CAEDC6522ACD7D6600CC7554 /* ToWatchMovie.app */,
				CAEDC6632ACD7D6700CC7554 /* ToWatchMovieTests.xctest */,
				CAEDC66D2ACD7D6800CC7554 /* ToWatchMovieUITests.xctest */,
			);
			name = Products;
			sourceTree = "<group>";
		};
		CAEDC6542ACD7D6600CC7554 /* ToWatchMovie */ = {
			isa = PBXGroup;
			children = (
				CAEDC6552ACD7D6600CC7554 /* ToWatchMovieApp.swift */,
				CA829EA92AE42AF1000FA03A /* Domain */,
				CA829EA02AE4282E000FA03A /* Presentation */,
				CA829E9E2AE42780000FA03A /* Network */,
				CA5333552AE1BCFD0002ADE1 /* ImageCache.swift */,
				CA5333542AE1BCCB0002ADE1 /* ImageLoader */,
				CAEDC65B2ACD7D6700CC7554 /* ToWatchMovie.entitlements */,
				CAEDC65C2ACD7D6700CC7554 /* Preview Content */,
			);
			path = ToWatchMovie;
			sourceTree = "<group>";
		};
		CAEDC65C2ACD7D6700CC7554 /* Preview Content */ = {
			isa = PBXGroup;
			children = (
				CAEDC65D2ACD7D6700CC7554 /* Preview Assets.xcassets */,
			);
			path = "Preview Content";
			sourceTree = "<group>";
		};
		CAEDC6662ACD7D6700CC7554 /* ToWatchMovieTests */ = {
			isa = PBXGroup;
			children = (
				CAEDC6672ACD7D6700CC7554 /* ToWatchMovieTests.swift */,
			);
			path = ToWatchMovieTests;
			sourceTree = "<group>";
		};
		CAEDC6702ACD7D6800CC7554 /* ToWatchMovieUITests */ = {
			isa = PBXGroup;
			children = (
				CAEDC6712ACD7D6800CC7554 /* ToWatchMovieUITests.swift */,
				CAEDC6732ACD7D6800CC7554 /* ToWatchMovieUITestsLaunchTests.swift */,
			);
			path = ToWatchMovieUITests;
			sourceTree = "<group>";
		};
/* End PBXGroup section */

/* Begin PBXNativeTarget section */
		CAEDC6512ACD7D6600CC7554 /* ToWatchMovie */ = {
			isa = PBXNativeTarget;
			buildConfigurationList = CAEDC6772ACD7D6800CC7554 /* Build configuration list for PBXNativeTarget "ToWatchMovie" */;
			buildPhases = (
				CAEDC64E2ACD7D6600CC7554 /* Sources */,
				CAEDC64F2ACD7D6600CC7554 /* Frameworks */,
				CAEDC6502ACD7D6600CC7554 /* Resources */,
			);
			buildRules = (
			);
			dependencies = (
			);
			name = ToWatchMovie;
			packageProductDependencies = (
				CAEDC6812ACDD11300CC7554 /* Kingfisher */,
			);
			productName = ToWatchMovie;
			productReference = CAEDC6522ACD7D6600CC7554 /* ToWatchMovie.app */;
			productType = "com.apple.product-type.application";
		};
		CAEDC6622ACD7D6700CC7554 /* ToWatchMovieTests */ = {
			isa = PBXNativeTarget;
			buildConfigurationList = CAEDC67A2ACD7D6800CC7554 /* Build configuration list for PBXNativeTarget "ToWatchMovieTests" */;
			buildPhases = (
				CAEDC65F2ACD7D6700CC7554 /* Sources */,
				CAEDC6602ACD7D6700CC7554 /* Frameworks */,
				CAEDC6612ACD7D6700CC7554 /* Resources */,
			);
			buildRules = (
			);
			dependencies = (
				CAEDC6652ACD7D6700CC7554 /* PBXTargetDependency */,
			);
			name = ToWatchMovieTests;
			productName = ToWatchMovieTests;
			productReference = CAEDC6632ACD7D6700CC7554 /* ToWatchMovieTests.xctest */;
			productType = "com.apple.product-type.bundle.unit-test";
		};
		CAEDC66C2ACD7D6800CC7554 /* ToWatchMovieUITests */ = {
			isa = PBXNativeTarget;
			buildConfigurationList = CAEDC67D2ACD7D6800CC7554 /* Build configuration list for PBXNativeTarget "ToWatchMovieUITests" */;
			buildPhases = (
				CAEDC6692ACD7D6800CC7554 /* Sources */,
				CAEDC66A2ACD7D6800CC7554 /* Frameworks */,
				CAEDC66B2ACD7D6800CC7554 /* Resources */,
			);
			buildRules = (
			);
			dependencies = (
				CAEDC66F2ACD7D6800CC7554 /* PBXTargetDependency */,
			);
			name = ToWatchMovieUITests;
			productName = ToWatchMovieUITests;
			productReference = CAEDC66D2ACD7D6800CC7554 /* ToWatchMovieUITests.xctest */;
			productType = "com.apple.product-type.bundle.ui-testing";
		};
/* End PBXNativeTarget section */

/* Begin PBXProject section */
		CAEDC64A2ACD7D6600CC7554 /* Project object */ = {
			isa = PBXProject;
			attributes = {
				BuildIndependentTargetsInParallel = 1;
				LastSwiftUpdateCheck = 1430;
				LastUpgradeCheck = 1430;
				TargetAttributes = {
					CAEDC6512ACD7D6600CC7554 = {
						CreatedOnToolsVersion = 14.3.1;
					};
					CAEDC6622ACD7D6700CC7554 = {
						CreatedOnToolsVersion = 14.3.1;
						TestTargetID = CAEDC6512ACD7D6600CC7554;
					};
					CAEDC66C2ACD7D6800CC7554 = {
						CreatedOnToolsVersion = 14.3.1;
						TestTargetID = CAEDC6512ACD7D6600CC7554;
					};
				};
			};
			buildConfigurationList = CAEDC64D2ACD7D6600CC7554 /* Build configuration list for PBXProject "ToWatchMovie" */;
			compatibilityVersion = "Xcode 14.0";
			developmentRegion = en;
			hasScannedForEncodings = 0;
			knownRegions = (
				en,
				Base,
			);
			mainGroup = CAEDC6492ACD7D6600CC7554;
			packageReferences = (
				CAEDC6802ACDD11300CC7554 /* XCRemoteSwiftPackageReference "Kingfisher" */,
			);
			productRefGroup = CAEDC6532ACD7D6600CC7554 /* Products */;
			projectDirPath = "";
			projectRoot = "";
			targets = (
				CAEDC6512ACD7D6600CC7554 /* ToWatchMovie */,
				CAEDC6622ACD7D6700CC7554 /* ToWatchMovieTests */,
				CAEDC66C2ACD7D6800CC7554 /* ToWatchMovieUITests */,
			);
		};
/* End PBXProject section */

/* Begin PBXResourcesBuildPhase section */
		CAEDC6502ACD7D6600CC7554 /* Resources */ = {
			isa = PBXResourcesBuildPhase;
			buildActionMask = 2147483647;
			files = (
				CAEDC65E2ACD7D6700CC7554 /* Preview Assets.xcassets in Resources */,
			);
			runOnlyForDeploymentPostprocessing = 0;
		};
		CAEDC6612ACD7D6700CC7554 /* Resources */ = {
			isa = PBXResourcesBuildPhase;
			buildActionMask = 2147483647;
			files = (
			);
			runOnlyForDeploymentPostprocessing = 0;
		};
		CAEDC66B2ACD7D6800CC7554 /* Resources */ = {
			isa = PBXResourcesBuildPhase;
			buildActionMask = 2147483647;
			files = (
			);
			runOnlyForDeploymentPostprocessing = 0;
		};
/* End PBXResourcesBuildPhase section */

/* Begin PBXSourcesBuildPhase section */
		CAEDC64E2ACD7D6600CC7554 /* Sources */ = {
			isa = PBXSourcesBuildPhase;
			buildActionMask = 2147483647;
			files = (
				CAEDC6582ACD7D6600CC7554 /* MainView.swift in Sources */,
				CAEDC68C2ACEAAB200CC7554 /* EndPoint.swift in Sources */,
				CAEDC6562ACD7D6600CC7554 /* ToWatchMovieApp.swift in Sources */,
				CA53335F2AE1BD1A0002ADE1 /* ImageLoaderViewModel.swift in Sources */,
				CAEDC6902AD0024400CC7554 /* NetworkService.swift in Sources */,
				CAEDC6882ACDD47300CC7554 /* Model.swift in Sources */,
				CA829EA62AE42948000FA03A /* MainState.swift in Sources */,
				CA829EAE2AE4426E000FA03A /* PreviousView.swift in Sources */,
				CA829EA82AE42A36000FA03A /* MovieModel.swift in Sources */,
				CA53335B2AE1BD150002ADE1 /* ImageLoaderView.swift in Sources */,
				CA5333562AE1BCFD0002ADE1 /* ImageCache.swift in Sources */,
				CA829EAC2AE42B29000FA03A /* MovieRepository.swift in Sources */,
				CAEDC6942AD00FA300CC7554 /* MainViewModel.swift in Sources */,
			);
			runOnlyForDeploymentPostprocessing = 0;
		};
		CAEDC65F2ACD7D6700CC7554 /* Sources */ = {
			isa = PBXSourcesBuildPhase;
			buildActionMask = 2147483647;
			files = (
				CA5333572AE1BCFD0002ADE1 /* ImageCache.swift in Sources */,
				CAEDC6912AD0024400CC7554 /* NetworkService.swift in Sources */,
				CA53335C2AE1BD150002ADE1 /* ImageLoaderView.swift in Sources */,
				CA5333602AE1BD1A0002ADE1 /* ImageLoaderViewModel.swift in Sources */,
				CAEDC6892ACDD47300CC7554 /* Model.swift in Sources */,
				CAEDC68D2ACEAAB200CC7554 /* EndPoint.swift in Sources */,
				CAEDC6952AD00FA300CC7554 /* MainViewModel.swift in Sources */,
				CAEDC6682ACD7D6700CC7554 /* ToWatchMovieTests.swift in Sources */,
			);
			runOnlyForDeploymentPostprocessing = 0;
		};
		CAEDC6692ACD7D6800CC7554 /* Sources */ = {
			isa = PBXSourcesBuildPhase;
			buildActionMask = 2147483647;
			files = (
				CAEDC6742ACD7D6800CC7554 /* ToWatchMovieUITestsLaunchTests.swift in Sources */,
				CAEDC68E2ACEAAB200CC7554 /* EndPoint.swift in Sources */,
				CAEDC6722ACD7D6800CC7554 /* ToWatchMovieUITests.swift in Sources */,
				CA5333612AE1BD1A0002ADE1 /* ImageLoaderViewModel.swift in Sources */,
				CAEDC6922AD0024400CC7554 /* NetworkService.swift in Sources */,
				CAEDC68A2ACDD47300CC7554 /* Model.swift in Sources */,
				CA53335D2AE1BD150002ADE1 /* ImageLoaderView.swift in Sources */,
				CA5333582AE1BCFD0002ADE1 /* ImageCache.swift in Sources */,
				CAEDC6962AD00FA300CC7554 /* MainViewModel.swift in Sources */,
			);
			runOnlyForDeploymentPostprocessing = 0;
		};
/* End PBXSourcesBuildPhase section */

/* Begin PBXTargetDependency section */
		CAEDC6652ACD7D6700CC7554 /* PBXTargetDependency */ = {
			isa = PBXTargetDependency;
			target = CAEDC6512ACD7D6600CC7554 /* ToWatchMovie */;
			targetProxy = CAEDC6642ACD7D6700CC7554 /* PBXContainerItemProxy */;
		};
		CAEDC66F2ACD7D6800CC7554 /* PBXTargetDependency */ = {
			isa = PBXTargetDependency;
			target = CAEDC6512ACD7D6600CC7554 /* ToWatchMovie */;
			targetProxy = CAEDC66E2ACD7D6800CC7554 /* PBXContainerItemProxy */;
		};
/* End PBXTargetDependency section */

/* Begin XCBuildConfiguration section */
		CAEDC6752ACD7D6800CC7554 /* Debug */ = {
			isa = XCBuildConfiguration;
			buildSettings = {
				ALWAYS_SEARCH_USER_PATHS = NO;
				CLANG_ANALYZER_NONNULL = YES;
				CLANG_ANALYZER_NUMBER_OBJECT_CONVERSION = YES_AGGRESSIVE;
				CLANG_CXX_LANGUAGE_STANDARD = "gnu++20";
				CLANG_ENABLE_MODULES = YES;
				CLANG_ENABLE_OBJC_ARC = YES;
				CLANG_ENABLE_OBJC_WEAK = YES;
				CLANG_WARN_BLOCK_CAPTURE_AUTORELEASING = YES;
				CLANG_WARN_BOOL_CONVERSION = YES;
				CLANG_WARN_COMMA = YES;
				CLANG_WARN_CONSTANT_CONVERSION = YES;
				CLANG_WARN_DEPRECATED_OBJC_IMPLEMENTATIONS = YES;
				CLANG_WARN_DIRECT_OBJC_ISA_USAGE = YES_ERROR;
				CLANG_WARN_DOCUMENTATION_COMMENTS = YES;
				CLANG_WARN_EMPTY_BODY = YES;
				CLANG_WARN_ENUM_CONVERSION = YES;
				CLANG_WARN_INFINITE_RECURSION = YES;
				CLANG_WARN_INT_CONVERSION = YES;
				CLANG_WARN_NON_LITERAL_NULL_CONVERSION = YES;
				CLANG_WARN_OBJC_IMPLICIT_RETAIN_SELF = YES;
				CLANG_WARN_OBJC_LITERAL_CONVERSION = YES;
				CLANG_WARN_OBJC_ROOT_CLASS = YES_ERROR;
				CLANG_WARN_QUOTED_INCLUDE_IN_FRAMEWORK_HEADER = YES;
				CLANG_WARN_RANGE_LOOP_ANALYSIS = YES;
				CLANG_WARN_STRICT_PROTOTYPES = YES;
				CLANG_WARN_SUSPICIOUS_MOVE = YES;
				CLANG_WARN_UNGUARDED_AVAILABILITY = YES_AGGRESSIVE;
				CLANG_WARN_UNREACHABLE_CODE = YES;
				CLANG_WARN__DUPLICATE_METHOD_MATCH = YES;
				COPY_PHASE_STRIP = NO;
				DEBUG_INFORMATION_FORMAT = dwarf;
				ENABLE_STRICT_OBJC_MSGSEND = YES;
				ENABLE_TESTABILITY = YES;
				GCC_C_LANGUAGE_STANDARD = gnu11;
				GCC_DYNAMIC_NO_PIC = NO;
				GCC_NO_COMMON_BLOCKS = YES;
				GCC_OPTIMIZATION_LEVEL = 0;
				GCC_PREPROCESSOR_DEFINITIONS = (
					"DEBUG=1",
					"$(inherited)",
				);
				GCC_WARN_64_TO_32_BIT_CONVERSION = YES;
				GCC_WARN_ABOUT_RETURN_TYPE = YES_ERROR;
				GCC_WARN_UNDECLARED_SELECTOR = YES;
				GCC_WARN_UNINITIALIZED_AUTOS = YES_AGGRESSIVE;
				GCC_WARN_UNUSED_FUNCTION = YES;
				GCC_WARN_UNUSED_VARIABLE = YES;
				MTL_ENABLE_DEBUG_INFO = INCLUDE_SOURCE;
				MTL_FAST_MATH = YES;
				ONLY_ACTIVE_ARCH = YES;
				SWIFT_ACTIVE_COMPILATION_CONDITIONS = DEBUG;
				SWIFT_OPTIMIZATION_LEVEL = "-Onone";
			};
			name = Debug;
		};
		CAEDC6762ACD7D6800CC7554 /* Release */ = {
			isa = XCBuildConfiguration;
			buildSettings = {
				ALWAYS_SEARCH_USER_PATHS = NO;
				CLANG_ANALYZER_NONNULL = YES;
				CLANG_ANALYZER_NUMBER_OBJECT_CONVERSION = YES_AGGRESSIVE;
				CLANG_CXX_LANGUAGE_STANDARD = "gnu++20";
				CLANG_ENABLE_MODULES = YES;
				CLANG_ENABLE_OBJC_ARC = YES;
				CLANG_ENABLE_OBJC_WEAK = YES;
				CLANG_WARN_BLOCK_CAPTURE_AUTORELEASING = YES;
				CLANG_WARN_BOOL_CONVERSION = YES;
				CLANG_WARN_COMMA = YES;
				CLANG_WARN_CONSTANT_CONVERSION = YES;
				CLANG_WARN_DEPRECATED_OBJC_IMPLEMENTATIONS = YES;
				CLANG_WARN_DIRECT_OBJC_ISA_USAGE = YES_ERROR;
				CLANG_WARN_DOCUMENTATION_COMMENTS = YES;
				CLANG_WARN_EMPTY_BODY = YES;
				CLANG_WARN_ENUM_CONVERSION = YES;
				CLANG_WARN_INFINITE_RECURSION = YES;
				CLANG_WARN_INT_CONVERSION = YES;
				CLANG_WARN_NON_LITERAL_NULL_CONVERSION = YES;
				CLANG_WARN_OBJC_IMPLICIT_RETAIN_SELF = YES;
				CLANG_WARN_OBJC_LITERAL_CONVERSION = YES;
				CLANG_WARN_OBJC_ROOT_CLASS = YES_ERROR;
				CLANG_WARN_QUOTED_INCLUDE_IN_FRAMEWORK_HEADER = YES;
				CLANG_WARN_RANGE_LOOP_ANALYSIS = YES;
				CLANG_WARN_STRICT_PROTOTYPES = YES;
				CLANG_WARN_SUSPICIOUS_MOVE = YES;
				CLANG_WARN_UNGUARDED_AVAILABILITY = YES_AGGRESSIVE;
				CLANG_WARN_UNREACHABLE_CODE = YES;
				CLANG_WARN__DUPLICATE_METHOD_MATCH = YES;
				COPY_PHASE_STRIP = NO;
				DEBUG_INFORMATION_FORMAT = "dwarf-with-dsym";
				ENABLE_NS_ASSERTIONS = NO;
				ENABLE_STRICT_OBJC_MSGSEND = YES;
				GCC_C_LANGUAGE_STANDARD = gnu11;
				GCC_NO_COMMON_BLOCKS = YES;
				GCC_WARN_64_TO_32_BIT_CONVERSION = YES;
				GCC_WARN_ABOUT_RETURN_TYPE = YES_ERROR;
				GCC_WARN_UNDECLARED_SELECTOR = YES;
				GCC_WARN_UNINITIALIZED_AUTOS = YES_AGGRESSIVE;
				GCC_WARN_UNUSED_FUNCTION = YES;
				GCC_WARN_UNUSED_VARIABLE = YES;
				MTL_ENABLE_DEBUG_INFO = NO;
				MTL_FAST_MATH = YES;
				SWIFT_COMPILATION_MODE = wholemodule;
				SWIFT_OPTIMIZATION_LEVEL = "-O";
			};
			name = Release;
		};
		CAEDC6782ACD7D6800CC7554 /* Debug */ = {
			isa = XCBuildConfiguration;
			buildSettings = {
				ASSETCATALOG_COMPILER_APPICON_NAME = AppIcon;
				ASSETCATALOG_COMPILER_GLOBAL_ACCENT_COLOR_NAME = AccentColor;
				CODE_SIGN_ENTITLEMENTS = ToWatchMovie/ToWatchMovie.entitlements;
				CODE_SIGN_STYLE = Automatic;
				CURRENT_PROJECT_VERSION = 1;
				DEVELOPMENT_ASSET_PATHS = "\"ToWatchMovie/Preview Content\"";
				DEVELOPMENT_TEAM = X4C767M9Q7;
				ENABLE_HARDENED_RUNTIME = YES;
				ENABLE_PREVIEWS = YES;
				GENERATE_INFOPLIST_FILE = YES;
				"INFOPLIST_KEY_UIApplicationSceneManifest_Generation[sdk=iphoneos*]" = YES;
				"INFOPLIST_KEY_UIApplicationSceneManifest_Generation[sdk=iphonesimulator*]" = YES;
				"INFOPLIST_KEY_UIApplicationSupportsIndirectInputEvents[sdk=iphoneos*]" = YES;
				"INFOPLIST_KEY_UIApplicationSupportsIndirectInputEvents[sdk=iphonesimulator*]" = YES;
				"INFOPLIST_KEY_UILaunchScreen_Generation[sdk=iphoneos*]" = YES;
				"INFOPLIST_KEY_UILaunchScreen_Generation[sdk=iphonesimulator*]" = YES;
				"INFOPLIST_KEY_UIStatusBarStyle[sdk=iphoneos*]" = UIStatusBarStyleDefault;
				"INFOPLIST_KEY_UIStatusBarStyle[sdk=iphonesimulator*]" = UIStatusBarStyleDefault;
				INFOPLIST_KEY_UISupportedInterfaceOrientations_iPad = "UIInterfaceOrientationPortrait UIInterfaceOrientationPortraitUpsideDown UIInterfaceOrientationLandscapeLeft UIInterfaceOrientationLandscapeRight";
				INFOPLIST_KEY_UISupportedInterfaceOrientations_iPhone = "UIInterfaceOrientationPortrait UIInterfaceOrientationLandscapeLeft UIInterfaceOrientationLandscapeRight";
				IPHONEOS_DEPLOYMENT_TARGET = 15.0;
				LD_RUNPATH_SEARCH_PATHS = "@executable_path/Frameworks";
				"LD_RUNPATH_SEARCH_PATHS[sdk=macosx*]" = "@executable_path/../Frameworks";
				MACOSX_DEPLOYMENT_TARGET = 13.2;
				MARKETING_VERSION = 1.0;
				PRODUCT_BUNDLE_IDENTIFIER = com.weatherapp.ToWatchMovie;
				PRODUCT_NAME = "$(TARGET_NAME)";
				SDKROOT = auto;
				SUPPORTED_PLATFORMS = "iphoneos iphonesimulator macosx";
				SWIFT_EMIT_LOC_STRINGS = YES;
				SWIFT_VERSION = 5.0;
				TARGETED_DEVICE_FAMILY = "1,2";
			};
			name = Debug;
		};
		CAEDC6792ACD7D6800CC7554 /* Release */ = {
			isa = XCBuildConfiguration;
			buildSettings = {
				ASSETCATALOG_COMPILER_APPICON_NAME = AppIcon;
				ASSETCATALOG_COMPILER_GLOBAL_ACCENT_COLOR_NAME = AccentColor;
				CODE_SIGN_ENTITLEMENTS = ToWatchMovie/ToWatchMovie.entitlements;
				CODE_SIGN_STYLE = Automatic;
				CURRENT_PROJECT_VERSION = 1;
				DEVELOPMENT_ASSET_PATHS = "\"ToWatchMovie/Preview Content\"";
				DEVELOPMENT_TEAM = X4C767M9Q7;
				ENABLE_HARDENED_RUNTIME = YES;
				ENABLE_PREVIEWS = YES;
				GENERATE_INFOPLIST_FILE = YES;
				"INFOPLIST_KEY_UIApplicationSceneManifest_Generation[sdk=iphoneos*]" = YES;
				"INFOPLIST_KEY_UIApplicationSceneManifest_Generation[sdk=iphonesimulator*]" = YES;
				"INFOPLIST_KEY_UIApplicationSupportsIndirectInputEvents[sdk=iphoneos*]" = YES;
				"INFOPLIST_KEY_UIApplicationSupportsIndirectInputEvents[sdk=iphonesimulator*]" = YES;
				"INFOPLIST_KEY_UILaunchScreen_Generation[sdk=iphoneos*]" = YES;
				"INFOPLIST_KEY_UILaunchScreen_Generation[sdk=iphonesimulator*]" = YES;
				"INFOPLIST_KEY_UIStatusBarStyle[sdk=iphoneos*]" = UIStatusBarStyleDefault;
				"INFOPLIST_KEY_UIStatusBarStyle[sdk=iphonesimulator*]" = UIStatusBarStyleDefault;
				INFOPLIST_KEY_UISupportedInterfaceOrientations_iPad = "UIInterfaceOrientationPortrait UIInterfaceOrientationPortraitUpsideDown UIInterfaceOrientationLandscapeLeft UIInterfaceOrientationLandscapeRight";
				INFOPLIST_KEY_UISupportedInterfaceOrientations_iPhone = "UIInterfaceOrientationPortrait UIInterfaceOrientationLandscapeLeft UIInterfaceOrientationLandscapeRight";
				IPHONEOS_DEPLOYMENT_TARGET = 15.0;
				LD_RUNPATH_SEARCH_PATHS = "@executable_path/Frameworks";
				"LD_RUNPATH_SEARCH_PATHS[sdk=macosx*]" = "@executable_path/../Frameworks";
				MACOSX_DEPLOYMENT_TARGET = 13.2;
				MARKETING_VERSION = 1.0;
				PRODUCT_BUNDLE_IDENTIFIER = com.weatherapp.ToWatchMovie;
				PRODUCT_NAME = "$(TARGET_NAME)";
				SDKROOT = auto;
				SUPPORTED_PLATFORMS = "iphoneos iphonesimulator macosx";
				SWIFT_EMIT_LOC_STRINGS = YES;
				SWIFT_VERSION = 5.0;
				TARGETED_DEVICE_FAMILY = "1,2";
			};
			name = Release;
		};
		CAEDC67B2ACD7D6800CC7554 /* Debug */ = {
			isa = XCBuildConfiguration;
			buildSettings = {
				ALWAYS_EMBED_SWIFT_STANDARD_LIBRARIES = YES;
				BUNDLE_LOADER = "$(TEST_HOST)";
				CODE_SIGN_STYLE = Automatic;
				CURRENT_PROJECT_VERSION = 1;
				DEVELOPMENT_TEAM = X4C767M9Q7;
				GENERATE_INFOPLIST_FILE = YES;
				IPHONEOS_DEPLOYMENT_TARGET = 16.4;
				MACOSX_DEPLOYMENT_TARGET = 13.2;
				MARKETING_VERSION = 1.0;
				PRODUCT_BUNDLE_IDENTIFIER = com.weatherapp.ToWatchMovieTests;
				PRODUCT_NAME = "$(TARGET_NAME)";
				SDKROOT = auto;
				SUPPORTED_PLATFORMS = "iphoneos iphonesimulator macosx";
				SWIFT_EMIT_LOC_STRINGS = NO;
				SWIFT_VERSION = 5.0;
				TARGETED_DEVICE_FAMILY = "1,2";
				TEST_HOST = "$(BUILT_PRODUCTS_DIR)/ToWatchMovie.app/$(BUNDLE_EXECUTABLE_FOLDER_PATH)/ToWatchMovie";
			};
			name = Debug;
		};
		CAEDC67C2ACD7D6800CC7554 /* Release */ = {
			isa = XCBuildConfiguration;
			buildSettings = {
				ALWAYS_EMBED_SWIFT_STANDARD_LIBRARIES = YES;
				BUNDLE_LOADER = "$(TEST_HOST)";
				CODE_SIGN_STYLE = Automatic;
				CURRENT_PROJECT_VERSION = 1;
				DEVELOPMENT_TEAM = X4C767M9Q7;
				GENERATE_INFOPLIST_FILE = YES;
				IPHONEOS_DEPLOYMENT_TARGET = 16.4;
				MACOSX_DEPLOYMENT_TARGET = 13.2;
				MARKETING_VERSION = 1.0;
				PRODUCT_BUNDLE_IDENTIFIER = com.weatherapp.ToWatchMovieTests;
				PRODUCT_NAME = "$(TARGET_NAME)";
				SDKROOT = auto;
				SUPPORTED_PLATFORMS = "iphoneos iphonesimulator macosx";
				SWIFT_EMIT_LOC_STRINGS = NO;
				SWIFT_VERSION = 5.0;
				TARGETED_DEVICE_FAMILY = "1,2";
				TEST_HOST = "$(BUILT_PRODUCTS_DIR)/ToWatchMovie.app/$(BUNDLE_EXECUTABLE_FOLDER_PATH)/ToWatchMovie";
			};
			name = Release;
		};
		CAEDC67E2ACD7D6800CC7554 /* Debug */ = {
			isa = XCBuildConfiguration;
			buildSettings = {
				ALWAYS_EMBED_SWIFT_STANDARD_LIBRARIES = YES;
				CODE_SIGN_STYLE = Automatic;
				CURRENT_PROJECT_VERSION = 1;
				DEVELOPMENT_TEAM = X4C767M9Q7;
				GENERATE_INFOPLIST_FILE = YES;
				IPHONEOS_DEPLOYMENT_TARGET = 16.4;
				MACOSX_DEPLOYMENT_TARGET = 13.2;
				MARKETING_VERSION = 1.0;
				PRODUCT_BUNDLE_IDENTIFIER = com.weatherapp.ToWatchMovieUITests;
				PRODUCT_NAME = "$(TARGET_NAME)";
				SDKROOT = auto;
				SUPPORTED_PLATFORMS = "iphoneos iphonesimulator macosx";
				SWIFT_EMIT_LOC_STRINGS = NO;
				SWIFT_VERSION = 5.0;
				TARGETED_DEVICE_FAMILY = "1,2";
				TEST_TARGET_NAME = ToWatchMovie;
			};
			name = Debug;
		};
		CAEDC67F2ACD7D6800CC7554 /* Release */ = {
			isa = XCBuildConfiguration;
			buildSettings = {
				ALWAYS_EMBED_SWIFT_STANDARD_LIBRARIES = YES;
				CODE_SIGN_STYLE = Automatic;
				CURRENT_PROJECT_VERSION = 1;
				DEVELOPMENT_TEAM = X4C767M9Q7;
				GENERATE_INFOPLIST_FILE = YES;
				IPHONEOS_DEPLOYMENT_TARGET = 16.4;
				MACOSX_DEPLOYMENT_TARGET = 13.2;
				MARKETING_VERSION = 1.0;
				PRODUCT_BUNDLE_IDENTIFIER = com.weatherapp.ToWatchMovieUITests;
				PRODUCT_NAME = "$(TARGET_NAME)";
				SDKROOT = auto;
				SUPPORTED_PLATFORMS = "iphoneos iphonesimulator macosx";
				SWIFT_EMIT_LOC_STRINGS = NO;
				SWIFT_VERSION = 5.0;
				TARGETED_DEVICE_FAMILY = "1,2";
				TEST_TARGET_NAME = ToWatchMovie;
			};
			name = Release;
		};
/* End XCBuildConfiguration section */

/* Begin XCConfigurationList section */
		CAEDC64D2ACD7D6600CC7554 /* Build configuration list for PBXProject "ToWatchMovie" */ = {
			isa = XCConfigurationList;
			buildConfigurations = (
				CAEDC6752ACD7D6800CC7554 /* Debug */,
				CAEDC6762ACD7D6800CC7554 /* Release */,
			);
			defaultConfigurationIsVisible = 0;
			defaultConfigurationName = Release;
		};
		CAEDC6772ACD7D6800CC7554 /* Build configuration list for PBXNativeTarget "ToWatchMovie" */ = {
			isa = XCConfigurationList;
			buildConfigurations = (
				CAEDC6782ACD7D6800CC7554 /* Debug */,
				CAEDC6792ACD7D6800CC7554 /* Release */,
			);
			defaultConfigurationIsVisible = 0;
			defaultConfigurationName = Release;
		};
		CAEDC67A2ACD7D6800CC7554 /* Build configuration list for PBXNativeTarget "ToWatchMovieTests" */ = {
			isa = XCConfigurationList;
			buildConfigurations = (
				CAEDC67B2ACD7D6800CC7554 /* Debug */,
				CAEDC67C2ACD7D6800CC7554 /* Release */,
			);
			defaultConfigurationIsVisible = 0;
			defaultConfigurationName = Release;
		};
		CAEDC67D2ACD7D6800CC7554 /* Build configuration list for PBXNativeTarget "ToWatchMovieUITests" */ = {
			isa = XCConfigurationList;
			buildConfigurations = (
				CAEDC67E2ACD7D6800CC7554 /* Debug */,
				CAEDC67F2ACD7D6800CC7554 /* Release */,
			);
			defaultConfigurationIsVisible = 0;
			defaultConfigurationName = Release;
		};
/* End XCConfigurationList section */

/* Begin XCRemoteSwiftPackageReference section */
		CAEDC6802ACDD11300CC7554 /* XCRemoteSwiftPackageReference "Kingfisher" */ = {
			isa = XCRemoteSwiftPackageReference;
			repositoryURL = "https://github.com/onevcat/Kingfisher";
			requirement = {
				kind = upToNextMajorVersion;
				minimumVersion = 7.0.0;
			};
		};
/* End XCRemoteSwiftPackageReference section */

/* Begin XCSwiftPackageProductDependency section */
		CAEDC6812ACDD11300CC7554 /* Kingfisher */ = {
			isa = XCSwiftPackageProductDependency;
			package = CAEDC6802ACDD11300CC7554 /* XCRemoteSwiftPackageReference "Kingfisher" */;
			productName = Kingfisher;
		};
/* End XCSwiftPackageProductDependency section */
	};
	rootObject = CAEDC64A2ACD7D6600CC7554 /* Project object */;
}
